
Microsoft Visual Studio Solution File, Format Version 12.00
# Visual Studio 15
VisualStudioVersion = 15.0.28307.1267
MinimumVisualStudioVersion = 10.0.40219.1
Project("{9A19103F-16F7-4668-BE54-9A1E7A4F7556}") = "CommerceRuntime", "CommerceRuntime\CommerceRuntime.csproj", "{8087EBBD-D0ED-48E0-84E2-2029804B736E}"
EndProject
Project("{9A19103F-16F7-4668-BE54-9A1E7A4F7556}") = "ChannelDatabase", "ChannelDatabase\ChannelDatabase.csproj", "{40F387F5-6E06-46CE-9352-4A1B22CC80C9}"
EndProject
Project("{9A19103F-16F7-4668-BE54-9A1E7A4F7556}") = "ScaleUnit", "ScaleUnit\ScaleUnit.csproj", "{13D23694-592F-4220-8FFC-C24A3AD8DE3D}"
EndProject
Global
	GlobalSection(SolutionConfigurationPlatforms) = preSolution
		Debug|Any CPU = Debug|Any CPU
		Release|Any CPU = Release|Any CPU
	EndGlobalSection
	GlobalSection(ProjectConfigurationPlatforms) = postSolution
		{8087EBBD-D0ED-48E0-84E2-2029804B736E}.Debug|Any CPU.ActiveCfg = Debug|Any CPU
		{8087EBBD-D0ED-48E0-84E2-2029804B736E}.Debug|Any CPU.Build.0 = Debug|Any CPU
		{8087EBBD-D0ED-48E0-84E2-2029804B736E}.Release|Any CPU.ActiveCfg = Release|Any CPU
		{8087EBBD-D0ED-48E0-84E2-2029804B736E}.Release|Any CPU.Build.0 = Release|Any CPU
		{40F387F5-6E06-46CE-9352-4A1B22CC80C9}.Debug|Any CPU.ActiveCfg = Debug|Any CPU
		{40F387F5-6E06-46CE-9352-4A1B22CC80C9}.Debug|Any CPU.Build.0 = Debug|Any CPU
		{40F387F5-6E06-46CE-9352-4A1B22CC80C9}.Release|Any CPU.ActiveCfg = Release|Any CPU
		{40F387F5-6E06-46CE-9352-4A1B22CC80C9}.Release|Any CPU.Build.0 = Release|Any CPU
		{13D23694-592F-4220-8FFC-C24A3AD8DE3D}.Debug|Any CPU.ActiveCfg = Debug|Any CPU
		{13D23694-592F-4220-8FFC-C24A3AD8DE3D}.Debug|Any CPU.Build.0 = Debug|Any CPU
		{13D23694-592F-4220-8FFC-C24A3AD8DE3D}.Release|Any CPU.ActiveCfg = Release|Any CPU
		{13D23694-592F-4220-8FFC-C24A3AD8DE3D}.Release|Any CPU.Build.0 = Release|Any CPU
	EndGlobalSection
	GlobalSection(SolutionProperties) = preSolution
		HideSolutionNode = FALSE
	EndGlobalSection
	GlobalSection(ExtensibilityGlobals) = postSolution
		SolutionGuid = {D8D07A3D-D311-441B-A70E-A959154EE41B}
	EndGlobalSection
EndGlobal
